
Microsoft Visual Studio Solution File, Format Version 12.00
# Visual Studio Version 17
VisualStudioVersion = 17.2.32516.85
MinimumVisualStudioVersion = 10.0.40219.1
Project("{FAE04EC0-301F-11D3-BF4B-00C04F79EFBC}") = "loanapp", "loanapp\loanapp.csproj", "{A96D2BC9-ED29-4E1E-8194-788553278994}"
EndProject
Global
	GlobalSection(SolutionConfigurationPlatforms) = preSolution
		Debug|Any CPU = Debug|Any CPU
		Release|Any CPU = Release|Any CPU
	EndGlobalSection
	GlobalSection(ProjectConfigurationPlatforms) = postSolution
		{A96D2BC9-ED29-4E1E-8194-788553278994}.Debug|Any CPU.ActiveCfg = Debug|Any CPU
		{A96D2BC9-ED29-4E1E-8194-788553278994}.Debug|Any CPU.Build.0 = Debug|Any CPU
		{A96D2BC9-ED29-4E1E-8194-788553278994}.Release|Any CPU.ActiveCfg = Release|Any CPU
		{A96D2BC9-ED29-4E1E-8194-788553278994}.Release|Any CPU.Build.0 = Release|Any CPU
	EndGlobalSection
	GlobalSection(SolutionProperties) = preSolution
		HideSolutionNode = FALSE
	EndGlobalSection
	GlobalSection(ExtensibilityGlobals) = postSolution
		SolutionGuid = {EC8F1B46-537B-48FF-B46F-A0888FECE949}
	EndGlobalSection
EndGlobal
